
Microsoft Visual Studio Solution File, Format Version 12.00
# Visual Studio 15
VisualStudioVersion = 15.0.28010.2026
MinimumVisualStudioVersion = 10.0.40219.1
Project("{E24C65DC-7377-472B-9ABA-BC803B73C61A}") = "ab-LookAtTriangles", "ab-LookAtTriangles\", "{4E6999FF-9D2F-407B-A520-82D32D159921}"
	ProjectSection(WebsiteProperties) = preProject
		TargetFrameworkMoniker = ".NETFramework,Version%3Dv4.6.1"
		Debug.AspNetCompiler.VirtualPath = "/localhost_5708"
		Debug.AspNetCompiler.PhysicalPath = "ab-LookAtTriangles\"
		Debug.AspNetCompiler.TargetPath = "PrecompiledWeb\localhost_5708\"
		Debug.AspNetCompiler.Updateable = "true"
		Debug.AspNetCompiler.ForceOverwrite = "true"
		Debug.AspNetCompiler.FixedNames = "false"
		Debug.AspNetCompiler.Debug = "True"
		Release.AspNetCompiler.VirtualPath = "/localhost_5708"
		Release.AspNetCompiler.PhysicalPath = "ab-LookAtTriangles\"
		Release.AspNetCompiler.TargetPath = "PrecompiledWeb\localhost_5708\"
		Release.AspNetCompiler.Updateable = "true"
		Release.AspNetCompiler.ForceOverwrite = "true"
		Release.AspNetCompiler.FixedNames = "false"
		Release.AspNetCompiler.Debug = "False"
		VWDPort = "5708"
		SlnRelativePath = "ab-LookAtTriangles\"
		DefaultWebSiteLanguage = "Visual C#"
	EndProjectSection
EndProject
Global
	GlobalSection(SolutionConfigurationPlatforms) = preSolution
		Debug|Any CPU = Debug|Any CPU
	EndGlobalSection
	GlobalSection(ProjectConfigurationPlatforms) = postSolution
		{4E6999FF-9D2F-407B-A520-82D32D159921}.Debug|Any CPU.ActiveCfg = Debug|Any CPU
		{4E6999FF-9D2F-407B-A520-82D32D159921}.Debug|Any CPU.Build.0 = Debug|Any CPU
	EndGlobalSection
	GlobalSection(SolutionProperties) = preSolution
		HideSolutionNode = FALSE
	EndGlobalSection
	GlobalSection(ExtensibilityGlobals) = postSolution
		SolutionGuid = {0838CD08-95CA-4466-A317-80AF9328B3A8}
	EndGlobalSection
EndGlobal
